
Microsoft Visual Studio Solution File, Format Version 12.00
# Visual Studio Version 17
VisualStudioVersion = 17.0.31903.59
MinimumVisualStudioVersion = 10.0.40219.1
Project("{2150E333-8FDC-42A3-9474-1A3956D46DE8}") = "src", "src", "{02EA681E-C7D8-13C7-8484-4AC65E1B71E8}"
EndProject
Project("{2150E333-8FDC-42A3-9474-1A3956D46DE8}") = "StackoverflowService", "StackoverflowService", "{5642D9A5-8A8F-4DDE-8400-E117B87629BD}"
EndProject
Project("{CC5FD16D-436D-48AD-A40C-5A424C6E3E79}") = "StackOverflowService.Cloud", "src\StackOverflowService\StackOverflowService.Cloud\StackOverflowService.Cloud.ccproj", "{7DD33F14-317C-49E2-9BED-A595421A2598}"
EndProject
Project("{FAE04EC0-301F-11D3-BF4B-00C04F79EFBC}") = "StackOverflowService.WebRole", "src\StackOverflowService\StackOverflowService.WebRole\StackOverflowService.WebRole.csproj", "{BEE7BD5D-2A1E-4F51-B625-61BBD82E45C8}"
EndProject
Project("{FAE04EC0-301F-11D3-BF4B-00C04F79EFBC}") = "StackoverflowService.Domain", "src\StackOverflowService\StackoverflowService.Domain\StackoverflowService.Domain.csproj", "{2D7466D7-1A52-425E-BA2F-A0F96D628DC2}"
EndProject
Project("{FAE04EC0-301F-11D3-BF4B-00C04F79EFBC}") = "StackoverflowService.Application", "src\StackOverflowService\StackoverflowService.Application\StackoverflowService.Application.csproj", "{67D219F9-5C75-40EA-9825-086EA18B5725}"
EndProject
Project("{FAE04EC0-301F-11D3-BF4B-00C04F79EFBC}") = "StackoverflowService.Infrastructure", "src\StackOverflowService\StackoverflowService.Infrastructure\StackoverflowService.Infrastructure.csproj", "{177748E9-21EE-4769-BC6C-B7D05B1AAA4B}"
EndProject
Project("{FAE04EC0-301F-11D3-BF4B-00C04F79EFBC}") = "NotificationService", "src\NotificationService\NotificationService.csproj", "{6C434FCE-9459-4550-83A9-B28866AC9849}"
EndProject
Project("{2150E333-8FDC-42A3-9474-1A3956D46DE8}") = "NotificationService", "src\NotificationService", "{C5083CB6-D672-4745-A72B-42426529BB7E}"
EndProject
Global
	GlobalSection(SolutionConfigurationPlatforms) = preSolution
		Debug|Any CPU = Debug|Any CPU
		Release|Any CPU = Release|Any CPU
	EndGlobalSection
	GlobalSection(ProjectConfigurationPlatforms) = postSolution
		{7DD33F14-317C-49E2-9BED-A595421A2598}.Debug|Any CPU.ActiveCfg = Debug|Any CPU
		{7DD33F14-317C-49E2-9BED-A595421A2598}.Debug|Any CPU.Build.0 = Debug|Any CPU
		{7DD33F14-317C-49E2-9BED-A595421A2598}.Release|Any CPU.ActiveCfg = Release|Any CPU
		{7DD33F14-317C-49E2-9BED-A595421A2598}.Release|Any CPU.Build.0 = Release|Any CPU
		{BEE7BD5D-2A1E-4F51-B625-61BBD82E45C8}.Debug|Any CPU.ActiveCfg = Debug|Any CPU
		{BEE7BD5D-2A1E-4F51-B625-61BBD82E45C8}.Debug|Any CPU.Build.0 = Debug|Any CPU
		{BEE7BD5D-2A1E-4F51-B625-61BBD82E45C8}.Release|Any CPU.ActiveCfg = Release|Any CPU
		{BEE7BD5D-2A1E-4F51-B625-61BBD82E45C8}.Release|Any CPU.Build.0 = Release|Any CPU
		{2D7466D7-1A52-425E-BA2F-A0F96D628DC2}.Debug|Any CPU.ActiveCfg = Debug|Any CPU
		{2D7466D7-1A52-425E-BA2F-A0F96D628DC2}.Debug|Any CPU.Build.0 = Debug|Any CPU
		{2D7466D7-1A52-425E-BA2F-A0F96D628DC2}.Release|Any CPU.ActiveCfg = Release|Any CPU
		{2D7466D7-1A52-425E-BA2F-A0F96D628DC2}.Release|Any CPU.Build.0 = Release|Any CPU
		{67D219F9-5C75-40EA-9825-086EA18B5725}.Debug|Any CPU.ActiveCfg = Debug|Any CPU
		{67D219F9-5C75-40EA-9825-086EA18B5725}.Debug|Any CPU.Build.0 = Debug|Any CPU
		{67D219F9-5C75-40EA-9825-086EA18B5725}.Release|Any CPU.ActiveCfg = Release|Any CPU
		{67D219F9-5C75-40EA-9825-086EA18B5725}.Release|Any CPU.Build.0 = Release|Any CPU
		{177748E9-21EE-4769-BC6C-B7D05B1AAA4B}.Debug|Any CPU.ActiveCfg = Debug|Any CPU
		{177748E9-21EE-4769-BC6C-B7D05B1AAA4B}.Debug|Any CPU.Build.0 = Debug|Any CPU
		{177748E9-21EE-4769-BC6C-B7D05B1AAA4B}.Release|Any CPU.ActiveCfg = Release|Any CPU
		{177748E9-21EE-4769-BC6C-B7D05B1AAA4B}.Release|Any CPU.Build.0 = Release|Any CPU
		{6C434FCE-9459-4550-83A9-B28866AC9849}.Debug|Any CPU.ActiveCfg = Debug|Any CPU
		{6C434FCE-9459-4550-83A9-B28866AC9849}.Debug|Any CPU.Build.0 = Debug|Any CPU
		{6C434FCE-9459-4550-83A9-B28866AC9849}.Release|Any CPU.ActiveCfg = Release|Any CPU
		{6C434FCE-9459-4550-83A9-B28866AC9849}.Release|Any CPU.Build.0 = Release|Any CPU
	EndGlobalSection
	GlobalSection(SolutionProperties) = preSolution
		HideSolutionNode = FALSE
	EndGlobalSection
	GlobalSection(NestedProjects) = preSolution
		{5642D9A5-8A8F-4DDE-8400-E117B87629BD} = {02EA681E-C7D8-13C7-8484-4AC65E1B71E8}
		{7DD33F14-317C-49E2-9BED-A595421A2598} = {5642D9A5-8A8F-4DDE-8400-E117B87629BD}
		{BEE7BD5D-2A1E-4F51-B625-61BBD82E45C8} = {5642D9A5-8A8F-4DDE-8400-E117B87629BD}
		{2D7466D7-1A52-425E-BA2F-A0F96D628DC2} = {5642D9A5-8A8F-4DDE-8400-E117B87629BD}
		{67D219F9-5C75-40EA-9825-086EA18B5725} = {5642D9A5-8A8F-4DDE-8400-E117B87629BD}
		{177748E9-21EE-4769-BC6C-B7D05B1AAA4B} = {5642D9A5-8A8F-4DDE-8400-E117B87629BD}
		{6C434FCE-9459-4550-83A9-B28866AC9849} = {C5083CB6-D672-4745-A72B-42426529BB7E}
		{C5083CB6-D672-4745-A72B-42426529BB7E} = {02EA681E-C7D8-13C7-8484-4AC65E1B71E8}
	EndGlobalSection
	GlobalSection(ExtensibilityGlobals) = postSolution
		SolutionGuid = {BC7462E0-8135-429A-81BF-A401C4307C6B}
	EndGlobalSection
EndGlobal
